<?xml version="1.0" encoding="utf-8"?>
<Project ToolsVersion="4.0" xmlns="http://schemas.microsoft.com/developer/msbuild/2003">
  <ItemGroup>
    <Filter Include="Archivos de origen">
      <UniqueIdentifier>{4FC737F1-C7A5-4376-A066-2A32D752A2FF}</UniqueIdentifier>
      <Extensions>cpp;c;cc;cxx;def;odl;idl;hpj;bat;asm;asmx</Extensions>
    </Filter>
    <Filter Include="Archivos de encabezado">
      <UniqueIdentifier>{93995380-89BD-4b04-88EB-625FBE52EBFB}</UniqueIdentifier>
      <Extensions>h;hh;hpp;hxx;hm;inl;inc;ipp;xsd</Extensions>
    </Filter>
    <Filter Include="Archivos de recursos">
      <UniqueIdentifier>{67DA6AB6-F800-4c08-8B7A-83BB121AAD01}</UniqueIdentifier>
      <Extensions>rc;ico;cur;bmp;dlg;rc2;rct;bin;rgs;gif;jpg;jpeg;jpe;resx;tiff;tif;png;wav;mfcribbon-ms</Extensions>
    </Filter>
    <Filter Include="Archivos de encabezado\Modules">
      <UniqueIdentifier>{77016c5b-d45a-4220-a3ed-6120e1df0527}</UniqueIdentifier>
    </Filter>
    <Filter Include="Archivos de origen\Modules">
      <UniqueIdentifier>{af99fc53-7dc7-4d6d-898d-d2904566142d}</UniqueIdentifier>
    </Filter>
    <Filter Include="Archivos de encabezado\Tools">
      <UniqueIdentifier>{c70a4663-b790-459c-86b3-8e40c1373c63}</UniqueIdentifier>
    </Filter>
    <Filter Include="Archivos de encabezado\Utilities">
      <UniqueIdentifier>{1d2ce2eb-73f0-4e8f-b6dd-812b27c85213}</UniqueIdentifier>
    </Filter>
    <Filter Include="Archivos de origen\Utilities">
      <UniqueIdentifier>{8d25a14f-6f40-45a2-9ae5-0bb4be422f53}</UniqueIdentifier>
    </Filter>
    <Filter Include="Archivos de encabezado\Tools\MMGR">
      <UniqueIdentifier>{abadeae0-f16e-499b-bf84-c4304ec0a92d}</UniqueIdentifier>
    </Filter>
    <Filter Include="Archivos de encabezado\Tools\ImGui">
      <UniqueIdentifier>{9533756c-b38f-4dbf-8564-211fd3c66abf}</UniqueIdentifier>
    </Filter>
    <Filter Include="Archivos de origen\Tools">
      <UniqueIdentifier>{d2e205c1-5ffb-4542-be47-6c0cd9235e0f}</UniqueIdentifier>
    </Filter>
    <Filter Include="Archivos de origen\Tools\ImGui">
      <UniqueIdentifier>{dc426e05-3a48-487b-8f86-b054f068e58b}</UniqueIdentifier>
    </Filter>
  </ItemGroup>
  <ItemGroup>
    <ClInclude Include="Source\Application.h">
      <Filter>Archivos de encabezado</Filter>
    </ClInclude>
    <ClInclude Include="Source\Globals.h">
      <Filter>Archivos de encabezado</Filter>
    </ClInclude>
    <ClInclude Include="Source\ModuleWindow.h">
      <Filter>Archivos de encabezado\Modules</Filter>
    </ClInclude>
    <ClInclude Include="Source\ModuleInput.h">
      <Filter>Archivos de encabezado\Modules</Filter>
    </ClInclude>
    <ClInclude Include="Source\Module.h">
      <Filter>Archivos de encabezado\Modules</Filter>
    </ClInclude>
    <ClInclude Include="Source\ModuleRender.h">
      <Filter>Archivos de encabezado\Modules</Filter>
    </ClInclude>
    <ClInclude Include="Source\Color.h">
      <Filter>Archivos de encabezado\Utilities</Filter>
    </ClInclude>
    <ClInclude Include="Source\Timer.h">
      <Filter>Archivos de encabezado\Utilities</Filter>
    </ClInclude>
    <ClInclude Include="Source\OpenGL.h">
      <Filter>Archivos de encabezado\Tools</Filter>
    </ClInclude>
    <ClInclude Include="3rdParty\mmgr\mmgr.h">
      <Filter>Archivos de encabezado\Tools\MMGR</Filter>
    </ClInclude>
    <ClInclude Include="3rdParty\mmgr\nommgr.h">
      <Filter>Archivos de encabezado\Tools\MMGR</Filter>
    </ClInclude>
    <ClInclude Include="Source\ModuleImGui.h">
      <Filter>Archivos de encabezado\Modules</Filter>
    </ClInclude>
    <ClInclude Include="3rdParty\ImGui\imconfig.h">
      <Filter>Archivos de encabezado\Tools\ImGui</Filter>
    </ClInclude>
    <ClInclude Include="3rdParty\ImGui\imgui.h">
      <Filter>Archivos de encabezado\Tools\ImGui</Filter>
    </ClInclude>
    <ClInclude Include="3rdParty\ImGui\imgui_internal.h">
      <Filter>Archivos de encabezado\Tools\ImGui</Filter>
    </ClInclude>
    <ClInclude Include="3rdParty\ImGui\imstb_rectpack.h">
      <Filter>Archivos de encabezado\Tools\ImGui</Filter>
    </ClInclude>
    <ClInclude Include="3rdParty\ImGui\imstb_textedit.h">
      <Filter>Archivos de encabezado\Tools\ImGui</Filter>
    </ClInclude>
    <ClInclude Include="3rdParty\ImGui\imstb_truetype.h">
      <Filter>Archivos de encabezado\Tools\ImGui</Filter>
    </ClInclude>
    <ClInclude Include="3rdParty\ImGui\imgui_impl_sdl.h">
      <Filter>Archivos de encabezado\Tools\ImGui</Filter>
    </ClInclude>
  </ItemGroup>
  <ItemGroup>
    <ClCompile Include="Source\Application.cpp">
      <Filter>Archivos de origen</Filter>
    </ClCompile>
    <ClCompile Include="Source\Main.cpp">
      <Filter>Archivos de origen</Filter>
    </ClCompile>
    <ClCompile Include="Source\ModuleWindow.cpp">
      <Filter>Archivos de origen\Modules</Filter>
    </ClCompile>
    <ClCompile Include="Source\ModuleInput.cpp">
      <Filter>Archivos de origen\Modules</Filter>
    </ClCompile>
    <ClCompile Include="Source\ModuleRender.cpp">
      <Filter>Archivos de origen\Modules</Filter>
    </ClCompile>
    <ClCompile Include="Source\Color.cpp">
      <Filter>Archivos de origen\Utilities</Filter>
    </ClCompile>
    <ClCompile Include="Source\log.cpp">
      <Filter>Archivos de origen\Utilities</Filter>
    </ClCompile>
    <ClCompile Include="Source\Timer.cpp">
      <Filter>Archivos de origen\Utilities</Filter>
    </ClCompile>
    <ClCompile Include="3rdParty\mmgr\mmgr.cpp">
      <Filter>Archivos de encabezado\Tools\MMGR</Filter>
    </ClCompile>
    <ClCompile Include="Source\ModuleImGui.cpp">
      <Filter>Archivos de origen\Modules</Filter>
    </ClCompile>
    <ClCompile Include="3rdParty\ImGui\imgui.cpp">
      <Filter>Archivos de origen\Tools\ImGui</Filter>
    </ClCompile>
    <ClCompile Include="3rdParty\ImGui\imgui_widgets.cpp">
      <Filter>Archivos de origen\Tools\ImGui</Filter>
    </ClCompile>
    <ClCompile Include="3rdParty\ImGui\imgui_demo.cpp">
      <Filter>Archivos de origen\Tools\ImGui</Filter>
    </ClCompile>
    <ClCompile Include="3rdParty\ImGui\imgui_draw.cpp">
      <Filter>Archivos de origen\Tools\ImGui</Filter>
    </ClCompile>
    <ClCompile Include="3rdParty\ImGui\imgui_impl_sdl.cpp">
      <Filter>Archivos de origen\Tools\ImGui</Filter>
    </ClCompile>
  </ItemGroup>
</Project>