<?xml version="1.0" encoding="utf-8"?>
<Project ToolsVersion="4.0" xmlns="http://schemas.microsoft.com/developer/msbuild/2003">
  <ItemGroup>
    <Filter Include="Archivos de origen">
      <UniqueIdentifier>{4FC737F1-C7A5-4376-A066-2A32D752A2FF}</UniqueIdentifier>
      <Extensions>cpp;c;cc;cxx;def;odl;idl;hpj;bat;asm;asmx</Extensions>
    </Filter>
    <Filter Include="Archivos de encabezado">
      <UniqueIdentifier>{93995380-89BD-4b04-88EB-625FBE52EBFB}</UniqueIdentifier>
      <Extensions>h;hh;hpp;hxx;hm;inl;inc;ipp;xsd</Extensions>
    </Filter>
    <Filter Include="Archivos de recursos">
      <UniqueIdentifier>{67DA6AB6-F800-4c08-8B7A-83BB121AAD01}</UniqueIdentifier>
      <Extensions>rc;ico;cur;bmp;dlg;rc2;rct;bin;rgs;gif;jpg;jpeg;jpe;resx;tiff;tif;png;wav;mfcribbon-ms</Extensions>
    </Filter>
    <Filter Include="Source">
      <UniqueIdentifier>{173bfa57-e472-413a-9dd9-66ea61155dc3}</UniqueIdentifier>
    </Filter>
    <Filter Include="Source\Modules">
      <UniqueIdentifier>{e556bb4e-2407-4ee6-bc89-93ecf1b2058a}</UniqueIdentifier>
    </Filter>
    <Filter Include="Source\Tools">
      <UniqueIdentifier>{daf6b62f-ea09-4755-a52e-6638a0d7dabd}</UniqueIdentifier>
    </Filter>
    <Filter Include="Source\3rdParty">
      <UniqueIdentifier>{a14d5174-3103-443a-ba87-689185160a89}</UniqueIdentifier>
    </Filter>
    <Filter Include="Source\3rdParty\ImGui">
      <UniqueIdentifier>{10780d2a-61dc-4038-80a8-b2dc9dca6b13}</UniqueIdentifier>
    </Filter>
    <Filter Include="Source\Utilities">
      <UniqueIdentifier>{3608ae9f-7446-46d7-8fdb-f1bfe50806d7}</UniqueIdentifier>
    </Filter>
    <Filter Include="Source\3rdParty\MemoryManager">
      <UniqueIdentifier>{7907c4ee-95c0-4af4-8dfa-cb3600ecc481}</UniqueIdentifier>
    </Filter>
    <Filter Include="Source\3rdParty\ImNode">
      <UniqueIdentifier>{94e6515c-6e59-4e37-8e15-8c60bcfef4bb}</UniqueIdentifier>
    </Filter>
    <Filter Include="Source\FlyEngine">
      <UniqueIdentifier>{8dabfe53-c090-4cfd-8c01-5c6cee9867cf}</UniqueIdentifier>
    </Filter>
    <Filter Include="Source\FlyEngine\Room">
      <UniqueIdentifier>{e84db96a-ff69-482d-a1ce-6d2d9182bd87}</UniqueIdentifier>
    </Filter>
    <Filter Include="Source\Tools\FileSystem">
      <UniqueIdentifier>{da0f95bc-605f-4337-b7bf-eda9828577c8}</UniqueIdentifier>
    </Filter>
    <Filter Include="Source\Tools\RandomGenerator">
      <UniqueIdentifier>{145ff4d1-24e6-4248-908e-8c13e7e57db2}</UniqueIdentifier>
    </Filter>
    <Filter Include="Source\3rdParty\RNG">
      <UniqueIdentifier>{a2bd06ae-f0cb-47f3-b660-f0db4e93988c}</UniqueIdentifier>
    </Filter>
    <Filter Include="Source\FlyEngine\FlyObject">
      <UniqueIdentifier>{da051c03-cb85-4c57-b1cb-1ef31e851259}</UniqueIdentifier>
    </Filter>
    <Filter Include="Source\FlyEngine\FlyObject\ObjectAttributes">
      <UniqueIdentifier>{e73d5c5c-e2db-4166-a6ab-65a38df89321}</UniqueIdentifier>
    </Filter>
    <Filter Include="Source\FlyEngine\Managers">
      <UniqueIdentifier>{70bed84a-47fc-4a41-883e-4799d2991502}</UniqueIdentifier>
    </Filter>
    <Filter Include="Source\Modules\DockingPanels">
      <UniqueIdentifier>{c27d716c-5ae7-4394-875d-a3ad33ff3aef}</UniqueIdentifier>
    </Filter>
    <Filter Include="Source\3rdParty\MathGeoLib">
      <UniqueIdentifier>{38e40f21-3b5e-4e84-82ec-4b1824e5ec85}</UniqueIdentifier>
    </Filter>
    <Filter Include="Source\3rdParty\MathGeoLib\src">
      <UniqueIdentifier>{a87abd9e-e935-4fd4-be6b-3e0a799d03a3}</UniqueIdentifier>
    </Filter>
    <Filter Include="Source\Resources">
      <UniqueIdentifier>{015e3d8d-a505-44bd-ab6e-351f4c688d64}</UniqueIdentifier>
    </Filter>
    <Filter Include="Source\Tools\Importer">
      <UniqueIdentifier>{eff29dd6-2983-4bac-9831-20a3993b7279}</UniqueIdentifier>
    </Filter>
    <Filter Include="Source\3rdParty\Devil">
      <UniqueIdentifier>{bcb5813b-86cf-437c-8d03-454f2bb9a478}</UniqueIdentifier>
    </Filter>
    <Filter Include="Source\3rdParty\TinyFileDialog">
      <UniqueIdentifier>{f000d78e-964c-4839-b830-1e0567f605e3}</UniqueIdentifier>
    </Filter>
    <Filter Include="Source\Utilities\BoundingBox">
      <UniqueIdentifier>{cdc0d945-cbcb-4bac-b35e-f044dd02a65e}</UniqueIdentifier>
    </Filter>
    <Filter Include="Source\Utilities\Gizmos">
      <UniqueIdentifier>{48081e44-e47a-4e2c-80a5-60e2c7c13b99}</UniqueIdentifier>
    </Filter>
    <Filter Include="Source\3rdParty\JSON">
      <UniqueIdentifier>{353ea04c-87ab-4881-b4e3-297ab426a6ab}</UniqueIdentifier>
    </Filter>
    <Filter Include="Source\Tools\Save&amp;Load">
      <UniqueIdentifier>{92e7d195-7240-46c3-8722-11fa62d0e0ed}</UniqueIdentifier>
    </Filter>
    <Filter Include="Source\FlyEngine\FlyObject\Inventory">
      <UniqueIdentifier>{c0999ba8-7372-4bc9-adf1-0075e957c0fe}</UniqueIdentifier>
    </Filter>
    <Filter Include="Source\FlyEngine\FlyObject\Blackboard">
      <UniqueIdentifier>{5e01b0eb-a218-4f7e-99ff-be53e30125ed}</UniqueIdentifier>
    </Filter>
    <Filter Include="Source\Tools\NodeGraph">
      <UniqueIdentifier>{4b410c40-2d86-44f5-9844-5dabee35f670}</UniqueIdentifier>
    </Filter>
    <Filter Include="Source\FlyEngine\FlyObject\UIElements">
      <UniqueIdentifier>{66f5bde8-f901-464c-bf5c-da947291deb5}</UniqueIdentifier>
    </Filter>
  </ItemGroup>
  <ItemGroup>
    <ClCompile Include="Source\Main.cpp">
      <Filter>Source</Filter>
    </ClCompile>
    <ClCompile Include="Source\ModuleWindow.cpp">
      <Filter>Source\Modules</Filter>
    </ClCompile>
    <ClCompile Include="Source\ModuleInput.cpp">
      <Filter>Source\Modules</Filter>
    </ClCompile>
    <ClCompile Include="Source\Application.cpp">
      <Filter>Source</Filter>
    </ClCompile>
    <ClCompile Include="Source\log.cpp">
      <Filter>Source\Tools</Filter>
    </ClCompile>
    <ClCompile Include="Source\Timer.cpp">
      <Filter>Source\Tools</Filter>
    </ClCompile>
    <ClCompile Include="Source\Color.cpp">
      <Filter>Source\Utilities</Filter>
    </ClCompile>
    <ClCompile Include="Source\ModuleRender.cpp">
      <Filter>Source\Modules</Filter>
    </ClCompile>
    <ClCompile Include="3rdParty\ImGui\imgui.cpp">
      <Filter>Source\3rdParty\ImGui</Filter>
    </ClCompile>
    <ClCompile Include="3rdParty\ImGui\imgui_demo.cpp">
      <Filter>Source\3rdParty\ImGui</Filter>
    </ClCompile>
    <ClCompile Include="3rdParty\ImGui\imgui_draw.cpp">
      <Filter>Source\3rdParty\ImGui</Filter>
    </ClCompile>
    <ClCompile Include="3rdParty\ImGui\imgui_widgets.cpp">
      <Filter>Source\3rdParty\ImGui</Filter>
    </ClCompile>
    <ClCompile Include="3rdParty\ImGui\imgui_impl_sdl.cpp">
      <Filter>Source\3rdParty\ImGui</Filter>
    </ClCompile>
    <ClCompile Include="3rdParty\ImGui\imgui_impl_opengl3.cpp">
      <Filter>Source\3rdParty\ImGui</Filter>
    </ClCompile>
    <ClCompile Include="Source\ConsoleDockPanel.cpp">
      <Filter>Source\Modules\DockingPanels</Filter>
    </ClCompile>
    <ClCompile Include="Source\DockPanel.cpp">
      <Filter>Source\Modules\DockingPanels</Filter>
    </ClCompile>
    <ClCompile Include="3rdParty\mmgr\mmgr.cpp">
      <Filter>Source\3rdParty\MemoryManager</Filter>
    </ClCompile>
    <ClCompile Include="Source\GameViewportDockPanel.cpp">
      <Filter>Source\Modules\DockingPanels</Filter>
    </ClCompile>
    <ClCompile Include="Source\ObjectPropertiesDockPanel.cpp">
      <Filter>Source\Modules\DockingPanels</Filter>
    </ClCompile>
    <ClCompile Include="Source\RoomObjectsDockPanel.cpp">
      <Filter>Source\Modules\DockingPanels</Filter>
    </ClCompile>
    <ClCompile Include="Source\RoomsGraphDockPanel.cpp">
      <Filter>Source\Modules\DockingPanels</Filter>
    </ClCompile>
    <ClCompile Include="Source\ImNode.cpp">
      <Filter>Source\3rdParty\ImNode</Filter>
    </ClCompile>
    <ClCompile Include="Source\ImNodeEz.cpp">
      <Filter>Source\3rdParty\ImNode</Filter>
    </ClCompile>
    <ClCompile Include="Source\NodeGraph.cpp">
      <Filter>Source\Tools\NodeGraph</Filter>
    </ClCompile>
    <ClCompile Include="Source\Room.cpp">
      <Filter>Source\FlyEngine\Room</Filter>
    </ClCompile>
    <ClCompile Include="Source\GraphPropertiesDockPanel.cpp">
      <Filter>Source\Modules\DockingPanels</Filter>
    </ClCompile>
    <ClCompile Include="Source\RandomNumberGenerator.cpp">
      <Filter>Source\Tools\RandomGenerator</Filter>
    </ClCompile>
    <ClCompile Include="3rdParty\PCGRandom\pcg_basic.c">
      <Filter>Source\3rdParty\RNG</Filter>
    </ClCompile>
    <ClCompile Include="Source\WorldPropertiesDockPanel.cpp">
      <Filter>Source\Modules\DockingPanels</Filter>
    </ClCompile>
    <ClCompile Include="Source\TextureMSAA.cpp">
      <Filter>Source\Utilities</Filter>
    </ClCompile>
    <ClCompile Include="Source\FlyObject.cpp">
      <Filter>Source\FlyEngine\FlyObject</Filter>
    </ClCompile>
    <ClCompile Include="Source\Quad.cpp">
      <Filter>Source\Utilities</Filter>
    </ClCompile>
    <ClCompile Include="Source\ModuleRoomManager.cpp">
      <Filter>Source\Modules</Filter>
    </ClCompile>
    <ClCompile Include="Source\ViewportManager.cpp">
      <Filter>Source\FlyEngine\Managers</Filter>
    </ClCompile>
    <ClCompile Include="Source\ModuleImGui.cpp">
      <Filter>Source\Modules</Filter>
    </ClCompile>
    <ClCompile Include="Source\Transform.cpp">
      <Filter>Source\FlyEngine\FlyObject\ObjectAttributes</Filter>
    </ClCompile>
    <ClCompile Include="3rdParty\MathGeoLib\Math\BitOps.cpp">
      <Filter>Source\3rdParty\MathGeoLib\src</Filter>
    </ClCompile>
    <ClCompile Include="3rdParty\MathGeoLib\Math\float2.cpp">
      <Filter>Source\3rdParty\MathGeoLib\src</Filter>
    </ClCompile>
    <ClCompile Include="3rdParty\MathGeoLib\Math\float3.cpp">
      <Filter>Source\3rdParty\MathGeoLib\src</Filter>
    </ClCompile>
    <ClCompile Include="3rdParty\MathGeoLib\Math\float3x3.cpp">
      <Filter>Source\3rdParty\MathGeoLib\src</Filter>
    </ClCompile>
    <ClCompile Include="3rdParty\MathGeoLib\Math\float3x4.cpp">
      <Filter>Source\3rdParty\MathGeoLib\src</Filter>
    </ClCompile>
    <ClCompile Include="3rdParty\MathGeoLib\Math\float4.cpp">
      <Filter>Source\3rdParty\MathGeoLib\src</Filter>
    </ClCompile>
    <ClCompile Include="3rdParty\MathGeoLib\Math\float4x4.cpp">
      <Filter>Source\3rdParty\MathGeoLib\src</Filter>
    </ClCompile>
    <ClCompile Include="3rdParty\MathGeoLib\Math\MathFunc.cpp">
      <Filter>Source\3rdParty\MathGeoLib\src</Filter>
    </ClCompile>
    <ClCompile Include="3rdParty\MathGeoLib\Math\MathLog.cpp">
      <Filter>Source\3rdParty\MathGeoLib\src</Filter>
    </ClCompile>
    <ClCompile Include="3rdParty\MathGeoLib\Math\MathOps.cpp">
      <Filter>Source\3rdParty\MathGeoLib\src</Filter>
    </ClCompile>
    <ClCompile Include="3rdParty\MathGeoLib\Math\Polynomial.cpp">
      <Filter>Source\3rdParty\MathGeoLib\src</Filter>
    </ClCompile>
    <ClCompile Include="3rdParty\MathGeoLib\Math\Quat.cpp">
      <Filter>Source\3rdParty\MathGeoLib\src</Filter>
    </ClCompile>
    <ClCompile Include="3rdParty\MathGeoLib\Math\SSEMath.cpp">
      <Filter>Source\3rdParty\MathGeoLib\src</Filter>
    </ClCompile>
    <ClCompile Include="3rdParty\MathGeoLib\Math\TransformOps.cpp">
      <Filter>Source\3rdParty\MathGeoLib\src</Filter>
    </ClCompile>
    <ClCompile Include="3rdParty\MathGeoLib\Algorithm\Random\LCG.cpp">
      <Filter>Source\3rdParty\MathGeoLib\src</Filter>
    </ClCompile>
    <ClCompile Include="3rdParty\MathGeoLib\Geometry\AABB.cpp">
      <Filter>Source\3rdParty\MathGeoLib\src</Filter>
    </ClCompile>
    <ClCompile Include="3rdParty\MathGeoLib\Geometry\Capsule.cpp">
      <Filter>Source\3rdParty\MathGeoLib\src</Filter>
    </ClCompile>
    <ClCompile Include="3rdParty\MathGeoLib\Geometry\Circle.cpp">
      <Filter>Source\3rdParty\MathGeoLib\src</Filter>
    </ClCompile>
    <ClCompile Include="3rdParty\MathGeoLib\Geometry\Frustum.cpp">
      <Filter>Source\3rdParty\MathGeoLib\src</Filter>
    </ClCompile>
    <ClCompile Include="3rdParty\MathGeoLib\Geometry\Line.cpp">
      <Filter>Source\3rdParty\MathGeoLib\src</Filter>
    </ClCompile>
    <ClCompile Include="3rdParty\MathGeoLib\Geometry\LineSegment.cpp">
      <Filter>Source\3rdParty\MathGeoLib\src</Filter>
    </ClCompile>
    <ClCompile Include="3rdParty\MathGeoLib\Geometry\OBB.cpp">
      <Filter>Source\3rdParty\MathGeoLib\src</Filter>
    </ClCompile>
    <ClCompile Include="3rdParty\MathGeoLib\Geometry\Plane.cpp">
      <Filter>Source\3rdParty\MathGeoLib\src</Filter>
    </ClCompile>
    <ClCompile Include="3rdParty\MathGeoLib\Geometry\Polygon.cpp">
      <Filter>Source\3rdParty\MathGeoLib\src</Filter>
    </ClCompile>
    <ClCompile Include="3rdParty\MathGeoLib\Geometry\Polyhedron.cpp">
      <Filter>Source\3rdParty\MathGeoLib\src</Filter>
    </ClCompile>
    <ClCompile Include="3rdParty\MathGeoLib\Geometry\Ray.cpp">
      <Filter>Source\3rdParty\MathGeoLib\src</Filter>
    </ClCompile>
    <ClCompile Include="3rdParty\MathGeoLib\Geometry\Sphere.cpp">
      <Filter>Source\3rdParty\MathGeoLib\src</Filter>
    </ClCompile>
    <ClCompile Include="3rdParty\MathGeoLib\Geometry\Triangle.cpp">
      <Filter>Source\3rdParty\MathGeoLib\src</Filter>
    </ClCompile>
    <ClCompile Include="3rdParty\MathGeoLib\Geometry\TriangleMesh.cpp">
      <Filter>Source\3rdParty\MathGeoLib\src</Filter>
    </ClCompile>
    <ClCompile Include="3rdParty\MathGeoLib\Time\Clock.cpp">
      <Filter>Source\3rdParty\MathGeoLib\src</Filter>
    </ClCompile>
    <ClCompile Include="Source\ImageImporter.cpp">
      <Filter>Source\Tools\Importer</Filter>
    </ClCompile>
    <ClCompile Include="Source\ResourceManager.cpp">
      <Filter>Source\FlyEngine\Managers</Filter>
    </ClCompile>
    <ClCompile Include="Source\Texture.cpp">
      <Filter>Source\Resources</Filter>
    </ClCompile>
    <ClCompile Include="Source\ModuleManager.cpp">
      <Filter>Source\Modules</Filter>
    </ClCompile>
    <ClCompile Include="Source\MyFileSystem.cpp">
      <Filter>Source\Tools\FileSystem</Filter>
    </ClCompile>
    <ClCompile Include="Source\TinyFileDialog.cpp">
      <Filter>Source\3rdParty\TinyFileDialog</Filter>
    </ClCompile>
    <ClCompile Include="Source\Resource.cpp">
      <Filter>Archivos de origen</Filter>
    </ClCompile>
    <ClCompile Include="Source\ObjectCreatorDockPanel.cpp">
      <Filter>Source\Modules\DockingPanels</Filter>
    </ClCompile>
    <ClCompile Include="Source\BoundingBox.cpp">
      <Filter>Source\Utilities\BoundingBox</Filter>
    </ClCompile>
    <ClCompile Include="Source\ScalarBoundingBox.cpp">
      <Filter>Source\Utilities\BoundingBox</Filter>
    </ClCompile>
    <ClCompile Include="Source\Gizmos.cpp">
      <Filter>Source\Utilities\Gizmos</Filter>
    </ClCompile>
    <ClCompile Include="Source\RoomDockPanel.cpp">
      <Filter>Source\Modules\DockingPanels</Filter>
    </ClCompile>
    <ClCompile Include="Source\Action.cpp">
      <Filter>Source\FlyEngine\FlyObject\ObjectAttributes</Filter>
    </ClCompile>
    <ClCompile Include="Source\DisplayImageAction.cpp">
      <Filter>Source\FlyEngine\FlyObject\ObjectAttributes</Filter>
    </ClCompile>
    <ClCompile Include="Source\ChangeRoomAction.cpp">
      <Filter>Source\FlyEngine\FlyObject\ObjectAttributes</Filter>
    </ClCompile>
    <ClCompile Include="3rdParty\JSON\parson.c">
      <Filter>Source\3rdParty\JSON</Filter>
    </ClCompile>
    <ClCompile Include="Source\SaveAndLoad.cpp">
      <Filter>Source\Tools\Save&amp;Load</Filter>
    </ClCompile>
    <ClCompile Include="Source\GameInventory.cpp">
      <Filter>Source\FlyEngine\FlyObject\Inventory</Filter>
    </ClCompile>
    <ClCompile Include="Source\Blackboard.cpp">
      <Filter>Source\FlyEngine\FlyObject\Blackboard</Filter>
    </ClCompile>
    <ClCompile Include="Source\ModifyVariableAction.cpp">
      <Filter>Source\FlyEngine\FlyObject\ObjectAttributes</Filter>
    </ClCompile>
    <ClCompile Include="Source\FlyVariable.cpp">
      <Filter>Source\FlyEngine\FlyObject\Blackboard</Filter>
    </ClCompile>
    <ClCompile Include="Source\FileBrowserDockPanel.cpp">
      <Filter>Source\Modules\DockingPanels</Filter>
    </ClCompile>
    <ClCompile Include="Source\ModuleAudioManager.cpp">
      <Filter>Source\Modules</Filter>
    </ClCompile>
    <ClCompile Include="Source\AudioImporter.cpp">
      <Filter>Source\Tools\Importer</Filter>
    </ClCompile>
    <ClCompile Include="Source\AudioClip.cpp">
      <Filter>Source\Resources</Filter>
    </ClCompile>
    <ClCompile Include="Source\MusicTrack.cpp">
      <Filter>Source\Resources</Filter>
    </ClCompile>
    <ClCompile Include="Source\EmitSoundAction.cpp">
      <Filter>Source\FlyEngine\FlyObject\ObjectAttributes</Filter>
    </ClCompile>
    <ClCompile Include="Source\UI_Image.cpp">
      <Filter>Source\FlyEngine\FlyObject\UIElements</Filter>
    </ClCompile>
    <ClCompile Include="Source\UI_Element.cpp">
      <Filter>Source\FlyEngine\FlyObject\UIElements</Filter>
    </ClCompile>
  </ItemGroup>
  <ItemGroup>
    <ClInclude Include="Source\Application.h">
      <Filter>Source</Filter>
    </ClInclude>
    <ClInclude Include="Source\Globals.h">
      <Filter>Source</Filter>
    </ClInclude>
    <ClInclude Include="Source\ModuleWindow.h">
      <Filter>Source\Modules</Filter>
    </ClInclude>
    <ClInclude Include="Source\ModuleInput.h">
      <Filter>Source\Modules</Filter>
    </ClInclude>
    <ClInclude Include="Source\Module.h">
      <Filter>Source\Modules</Filter>
    </ClInclude>
    <ClInclude Include="Source\Timer.h">
      <Filter>Source\Tools</Filter>
    </ClInclude>
    <ClInclude Include="Source\Color.h">
      <Filter>Source\Utilities</Filter>
    </ClInclude>
    <ClInclude Include="Source\ModuleRender.h">
      <Filter>Source\Modules</Filter>
    </ClInclude>
    <ClInclude Include="3rdParty\ImGui\imconfig.h">
      <Filter>Source\3rdParty\ImGui</Filter>
    </ClInclude>
    <ClInclude Include="3rdParty\ImGui\imgui.h">
      <Filter>Source\3rdParty\ImGui</Filter>
    </ClInclude>
    <ClInclude Include="3rdParty\ImGui\imgui_internal.h">
      <Filter>Source\3rdParty\ImGui</Filter>
    </ClInclude>
    <ClInclude Include="3rdParty\ImGui\imstb_rectpack.h">
      <Filter>Source\3rdParty\ImGui</Filter>
    </ClInclude>
    <ClInclude Include="3rdParty\ImGui\imstb_textedit.h">
      <Filter>Source\3rdParty\ImGui</Filter>
    </ClInclude>
    <ClInclude Include="3rdParty\ImGui\imstb_truetype.h">
      <Filter>Source\3rdParty\ImGui</Filter>
    </ClInclude>
    <ClInclude Include="3rdParty\ImGui\imgui_impl_sdl.h">
      <Filter>Source\3rdParty\ImGui</Filter>
    </ClInclude>
    <ClInclude Include="3rdParty\ImGui\imgui_impl_opengl3.h">
      <Filter>Source\3rdParty\ImGui</Filter>
    </ClInclude>
    <ClInclude Include="Source\ConsoleDockPanel.h">
      <Filter>Source\Modules\DockingPanels</Filter>
    </ClInclude>
    <ClInclude Include="Source\DockPanel.h">
      <Filter>Source\Modules\DockingPanels</Filter>
    </ClInclude>
    <ClInclude Include="3rdParty\mmgr\mmgr.h">
      <Filter>Source\3rdParty\MemoryManager</Filter>
    </ClInclude>
    <ClInclude Include="3rdParty\mmgr\nommgr.h">
      <Filter>Source\3rdParty\MemoryManager</Filter>
    </ClInclude>
    <ClInclude Include="Source\GameViewportDockPanel.h">
      <Filter>Source\Modules\DockingPanels</Filter>
    </ClInclude>
    <ClInclude Include="Source\ObjectPropertiesDockPanel.h">
      <Filter>Source\Modules\DockingPanels</Filter>
    </ClInclude>
    <ClInclude Include="Source\RoomObjectsDockPanel.h">
      <Filter>Source\Modules\DockingPanels</Filter>
    </ClInclude>
    <ClInclude Include="Source\RoomsGraphDockPanel.h">
      <Filter>Source\Modules\DockingPanels</Filter>
    </ClInclude>
    <ClInclude Include="Source\ImNode.h">
      <Filter>Source\3rdParty\ImNode</Filter>
    </ClInclude>
    <ClInclude Include="Source\ImNodeEz.h">
      <Filter>Source\3rdParty\ImNode</Filter>
    </ClInclude>
    <ClInclude Include="Source\NodeGraph.h">
      <Filter>Source\Tools\NodeGraph</Filter>
    </ClInclude>
    <ClInclude Include="Source\Room.h">
      <Filter>Source\FlyEngine\Room</Filter>
    </ClInclude>
    <ClInclude Include="Source\ImNodeDemo.h">
      <Filter>Source\3rdParty\ImNode</Filter>
    </ClInclude>
    <ClInclude Include="Source\GraphPropertiesDockPanel.h">
      <Filter>Source\Modules\DockingPanels</Filter>
    </ClInclude>
    <ClInclude Include="Source\RandomNumberGenerator.h">
      <Filter>Source\Tools\RandomGenerator</Filter>
    </ClInclude>
    <ClInclude Include="3rdParty\PCGRandom\pcg_basic.h">
      <Filter>Source\3rdParty\RNG</Filter>
    </ClInclude>
    <ClInclude Include="Source\WorldPropertiesDockPanel.h">
      <Filter>Source\Modules\DockingPanels</Filter>
    </ClInclude>
    <ClInclude Include="Source\TextureMSAA.h">
      <Filter>Source\Utilities</Filter>
    </ClInclude>
    <ClInclude Include="Source\OpenGL.h">
      <Filter>Source\Utilities</Filter>
    </ClInclude>
    <ClInclude Include="Source\FlyObject.h">
      <Filter>Source\FlyEngine\FlyObject</Filter>
    </ClInclude>
    <ClInclude Include="Source\Quad.h">
      <Filter>Source\Utilities</Filter>
    </ClInclude>
    <ClInclude Include="glmath.h">
      <Filter>Source\Utilities</Filter>
    </ClInclude>
    <ClInclude Include="Source\ModuleRoomManager.h">
      <Filter>Source\Modules</Filter>
    </ClInclude>
    <ClInclude Include="Source\ViewportManager.h">
      <Filter>Source\FlyEngine\Managers</Filter>
    </ClInclude>
    <ClInclude Include="Source\ModuleImGui.h">
      <Filter>Source\Modules</Filter>
    </ClInclude>
    <ClInclude Include="Source\Transform.h">
      <Filter>Source\FlyEngine\FlyObject\ObjectAttributes</Filter>
    </ClInclude>
    <ClInclude Include="3rdParty\MathGeoLib\MathBuildConfig.h">
      <Filter>Source\3rdParty\MathGeoLib</Filter>
    </ClInclude>
    <ClInclude Include="3rdParty\MathGeoLib\MathGeoLib.h">
      <Filter>Source\3rdParty\MathGeoLib</Filter>
    </ClInclude>
    <ClInclude Include="3rdParty\MathGeoLib\MathGeoLibFwd.h">
      <Filter>Source\3rdParty\MathGeoLib</Filter>
    </ClInclude>
    <ClInclude Include="3rdParty\MathGeoLib\Math\assume.h">
      <Filter>Source\3rdParty\MathGeoLib\src</Filter>
    </ClInclude>
    <ClInclude Include="3rdParty\MathGeoLib\Math\BitOps.h">
      <Filter>Source\3rdParty\MathGeoLib\src</Filter>
    </ClInclude>
    <ClInclude Include="3rdParty\MathGeoLib\Math\Complex.h">
      <Filter>Source\3rdParty\MathGeoLib\src</Filter>
    </ClInclude>
    <ClInclude Include="3rdParty\MathGeoLib\Math\CoordinateAxisConvention.h">
      <Filter>Source\3rdParty\MathGeoLib\src</Filter>
    </ClInclude>
    <ClInclude Include="3rdParty\MathGeoLib\Math\FixedPoint.h">
      <Filter>Source\3rdParty\MathGeoLib\src</Filter>
    </ClInclude>
    <ClInclude Include="3rdParty\MathGeoLib\Math\float2.h">
      <Filter>Source\3rdParty\MathGeoLib\src</Filter>
    </ClInclude>
    <ClInclude Include="3rdParty\MathGeoLib\Math\float3.h">
      <Filter>Source\3rdParty\MathGeoLib\src</Filter>
    </ClInclude>
    <ClInclude Include="3rdParty\MathGeoLib\Math\float3x3.h">
      <Filter>Source\3rdParty\MathGeoLib\src</Filter>
    </ClInclude>
    <ClInclude Include="3rdParty\MathGeoLib\Math\float3x4.h">
      <Filter>Source\3rdParty\MathGeoLib\src</Filter>
    </ClInclude>
    <ClInclude Include="3rdParty\MathGeoLib\Math\float4.h">
      <Filter>Source\3rdParty\MathGeoLib\src</Filter>
    </ClInclude>
    <ClInclude Include="3rdParty\MathGeoLib\Math\float4_neon.h">
      <Filter>Source\3rdParty\MathGeoLib\src</Filter>
    </ClInclude>
    <ClInclude Include="3rdParty\MathGeoLib\Math\float4_sse.h">
      <Filter>Source\3rdParty\MathGeoLib\src</Filter>
    </ClInclude>
    <ClInclude Include="3rdParty\MathGeoLib\Math\float4x4.h">
      <Filter>Source\3rdParty\MathGeoLib\src</Filter>
    </ClInclude>
    <ClInclude Include="3rdParty\MathGeoLib\Math\float4x4_neon.h">
      <Filter>Source\3rdParty\MathGeoLib\src</Filter>
    </ClInclude>
    <ClInclude Include="3rdParty\MathGeoLib\Math\float4x4_sse.h">
      <Filter>Source\3rdParty\MathGeoLib\src</Filter>
    </ClInclude>
    <ClInclude Include="3rdParty\MathGeoLib\Math\FloatCmp.h">
      <Filter>Source\3rdParty\MathGeoLib\src</Filter>
    </ClInclude>
    <ClInclude Include="3rdParty\MathGeoLib\Math\MathAll.h">
      <Filter>Source\3rdParty\MathGeoLib\src</Filter>
    </ClInclude>
    <ClInclude Include="3rdParty\MathGeoLib\Math\MathConstants.h">
      <Filter>Source\3rdParty\MathGeoLib\src</Filter>
    </ClInclude>
    <ClInclude Include="3rdParty\MathGeoLib\Math\MathFunc.h">
      <Filter>Source\3rdParty\MathGeoLib\src</Filter>
    </ClInclude>
    <ClInclude Include="3rdParty\MathGeoLib\Math\MathLog.h">
      <Filter>Source\3rdParty\MathGeoLib\src</Filter>
    </ClInclude>
    <ClInclude Include="3rdParty\MathGeoLib\Math\MathNamespace.h">
      <Filter>Source\3rdParty\MathGeoLib\src</Filter>
    </ClInclude>
    <ClInclude Include="3rdParty\MathGeoLib\Math\MathTypes.h">
      <Filter>Source\3rdParty\MathGeoLib\src</Filter>
    </ClInclude>
    <ClInclude Include="3rdParty\MathGeoLib\Math\MatrixProxy.h">
      <Filter>Source\3rdParty\MathGeoLib\src</Filter>
    </ClInclude>
    <ClInclude Include="3rdParty\MathGeoLib\Math\myassert.h">
      <Filter>Source\3rdParty\MathGeoLib\src</Filter>
    </ClInclude>
    <ClInclude Include="3rdParty\MathGeoLib\Math\Polynomial.h">
      <Filter>Source\3rdParty\MathGeoLib\src</Filter>
    </ClInclude>
    <ClInclude Include="3rdParty\MathGeoLib\Math\Quat.h">
      <Filter>Source\3rdParty\MathGeoLib\src</Filter>
    </ClInclude>
    <ClInclude Include="3rdParty\MathGeoLib\Math\quat_simd.h">
      <Filter>Source\3rdParty\MathGeoLib\src</Filter>
    </ClInclude>
    <ClInclude Include="3rdParty\MathGeoLib\Math\Rect.h">
      <Filter>Source\3rdParty\MathGeoLib\src</Filter>
    </ClInclude>
    <ClInclude Include="3rdParty\MathGeoLib\Math\Reinterpret.h">
      <Filter>Source\3rdParty\MathGeoLib\src</Filter>
    </ClInclude>
    <ClInclude Include="3rdParty\MathGeoLib\Math\sse_mathfun.h">
      <Filter>Source\3rdParty\MathGeoLib\src</Filter>
    </ClInclude>
    <ClInclude Include="3rdParty\MathGeoLib\Math\SSEMath.h">
      <Filter>Source\3rdParty\MathGeoLib\src</Filter>
    </ClInclude>
    <ClInclude Include="3rdParty\MathGeoLib\Math\TransformOps.h">
      <Filter>Source\3rdParty\MathGeoLib\src</Filter>
    </ClInclude>
    <ClInclude Include="3rdParty\MathGeoLib\Algorithm\Random\LCG.h">
      <Filter>Source\3rdParty\MathGeoLib\src</Filter>
    </ClInclude>
    <ClInclude Include="3rdParty\MathGeoLib\Geometry\AABB.h">
      <Filter>Source\3rdParty\MathGeoLib\src</Filter>
    </ClInclude>
    <ClInclude Include="3rdParty\MathGeoLib\Geometry\AABB2D.h">
      <Filter>Source\3rdParty\MathGeoLib\src</Filter>
    </ClInclude>
    <ClInclude Include="3rdParty\MathGeoLib\Geometry\Capsule.h">
      <Filter>Source\3rdParty\MathGeoLib\src</Filter>
    </ClInclude>
    <ClInclude Include="3rdParty\MathGeoLib\Geometry\Circle.h">
      <Filter>Source\3rdParty\MathGeoLib\src</Filter>
    </ClInclude>
    <ClInclude Include="3rdParty\MathGeoLib\Geometry\Frustum.h">
      <Filter>Source\3rdParty\MathGeoLib\src</Filter>
    </ClInclude>
    <ClInclude Include="3rdParty\MathGeoLib\Geometry\GeometryAll.h">
      <Filter>Source\3rdParty\MathGeoLib\src</Filter>
    </ClInclude>
    <ClInclude Include="3rdParty\MathGeoLib\Geometry\GeomType.h">
      <Filter>Source\3rdParty\MathGeoLib\src</Filter>
    </ClInclude>
    <ClInclude Include="3rdParty\MathGeoLib\Geometry\HitInfo.h">
      <Filter>Source\3rdParty\MathGeoLib\src</Filter>
    </ClInclude>
    <ClInclude Include="3rdParty\MathGeoLib\Geometry\KDTree.h">
      <Filter>Source\3rdParty\MathGeoLib\src</Filter>
    </ClInclude>
    <ClInclude Include="3rdParty\MathGeoLib\Geometry\Line.h">
      <Filter>Source\3rdParty\MathGeoLib\src</Filter>
    </ClInclude>
    <ClInclude Include="3rdParty\MathGeoLib\Geometry\LineSegment.h">
      <Filter>Source\3rdParty\MathGeoLib\src</Filter>
    </ClInclude>
    <ClInclude Include="3rdParty\MathGeoLib\Geometry\OBB.h">
      <Filter>Source\3rdParty\MathGeoLib\src</Filter>
    </ClInclude>
    <ClInclude Include="3rdParty\MathGeoLib\Geometry\PBVolume.h">
      <Filter>Source\3rdParty\MathGeoLib\src</Filter>
    </ClInclude>
    <ClInclude Include="3rdParty\MathGeoLib\Geometry\Plane.h">
      <Filter>Source\3rdParty\MathGeoLib\src</Filter>
    </ClInclude>
    <ClInclude Include="3rdParty\MathGeoLib\Geometry\Polygon.h">
      <Filter>Source\3rdParty\MathGeoLib\src</Filter>
    </ClInclude>
    <ClInclude Include="3rdParty\MathGeoLib\Geometry\Polyhedron.h">
      <Filter>Source\3rdParty\MathGeoLib\src</Filter>
    </ClInclude>
    <ClInclude Include="3rdParty\MathGeoLib\Geometry\QuadTree.h">
      <Filter>Source\3rdParty\MathGeoLib\src</Filter>
    </ClInclude>
    <ClInclude Include="3rdParty\MathGeoLib\Geometry\Ray.h">
      <Filter>Source\3rdParty\MathGeoLib\src</Filter>
    </ClInclude>
    <ClInclude Include="3rdParty\MathGeoLib\Geometry\Sphere.h">
      <Filter>Source\3rdParty\MathGeoLib\src</Filter>
    </ClInclude>
    <ClInclude Include="3rdParty\MathGeoLib\Geometry\Triangle.h">
      <Filter>Source\3rdParty\MathGeoLib\src</Filter>
    </ClInclude>
    <ClInclude Include="3rdParty\MathGeoLib\Geometry\TriangleMesh.h">
      <Filter>Source\3rdParty\MathGeoLib\src</Filter>
    </ClInclude>
    <ClInclude Include="3rdParty\MathGeoLib\Time\Clock.h">
      <Filter>Source\3rdParty\MathGeoLib\src</Filter>
    </ClInclude>
    <ClInclude Include="Source\ImageImporter.h">
      <Filter>Source\Tools\Importer</Filter>
    </ClInclude>
    <ClInclude Include="Source\ResourceManager.h">
      <Filter>Source\FlyEngine\Managers</Filter>
    </ClInclude>
    <ClInclude Include="Source\Texture.h">
      <Filter>Source\Resources</Filter>
    </ClInclude>
    <ClInclude Include="Source\Resource.h">
      <Filter>Source\Resources</Filter>
    </ClInclude>
    <ClInclude Include="3rdParty\DevILWindowsSDK\include\IL\devil_cpp_wrapper.hpp">
      <Filter>Source\3rdParty\Devil</Filter>
    </ClInclude>
    <ClInclude Include="3rdParty\DevILWindowsSDK\include\IL\devil_internal_exports.h">
      <Filter>Source\3rdParty\Devil</Filter>
    </ClInclude>
    <ClInclude Include="3rdParty\DevILWindowsSDK\include\IL\il.h">
      <Filter>Source\3rdParty\Devil</Filter>
    </ClInclude>
    <ClInclude Include="3rdParty\DevILWindowsSDK\include\IL\il_wrap.h">
      <Filter>Source\3rdParty\Devil</Filter>
    </ClInclude>
    <ClInclude Include="3rdParty\DevILWindowsSDK\include\IL\ilu.h">
      <Filter>Source\3rdParty\Devil</Filter>
    </ClInclude>
    <ClInclude Include="3rdParty\DevILWindowsSDK\include\IL\ilu_region.h">
      <Filter>Source\3rdParty\Devil</Filter>
    </ClInclude>
    <ClInclude Include="3rdParty\DevILWindowsSDK\include\IL\ilut.h">
      <Filter>Source\3rdParty\Devil</Filter>
    </ClInclude>
    <ClInclude Include="3rdParty\DevILWindowsSDK\include\IL\ilut_config.h">
      <Filter>Source\3rdParty\Devil</Filter>
    </ClInclude>
    <ClInclude Include="Source\ModuleManager.h">
      <Filter>Source\Modules</Filter>
    </ClInclude>
    <ClInclude Include="Source\MyFileSystem.h">
      <Filter>Source\Tools\FileSystem</Filter>
    </ClInclude>
    <ClInclude Include="Source\TinyFileDialog.h">
      <Filter>Source\3rdParty\TinyFileDialog</Filter>
    </ClInclude>
    <ClInclude Include="Source\ObjectCreatorDockPanel.h">
      <Filter>Source\Modules\DockingPanels</Filter>
    </ClInclude>
    <ClInclude Include="Source\BoundingBox.h">
      <Filter>Source\Utilities\BoundingBox</Filter>
    </ClInclude>
    <ClInclude Include="Source\ScalarBoundingBox.h">
      <Filter>Source\Utilities\BoundingBox</Filter>
    </ClInclude>
    <ClInclude Include="Source\Gizmos.h">
      <Filter>Source\Utilities\Gizmos</Filter>
    </ClInclude>
    <ClInclude Include="Source\RoomDockPanel.h">
      <Filter>Source\Modules\DockingPanels</Filter>
    </ClInclude>
    <ClInclude Include="Source\Action.h">
      <Filter>Source\FlyEngine\FlyObject\ObjectAttributes</Filter>
    </ClInclude>
    <ClInclude Include="Source\DisplayImageAction.h">
      <Filter>Source\FlyEngine\FlyObject\ObjectAttributes</Filter>
    </ClInclude>
    <ClInclude Include="Source\ChangeRoomAction.h">
      <Filter>Source\FlyEngine\FlyObject\ObjectAttributes</Filter>
    </ClInclude>
    <ClInclude Include="3rdParty\JSON\parson.h">
      <Filter>Source\3rdParty\JSON</Filter>
    </ClInclude>
    <ClInclude Include="Source\SaveAndLoad.h">
      <Filter>Source\Tools\Save&amp;Load</Filter>
    </ClInclude>
    <ClInclude Include="Source\GameInventory.h">
      <Filter>Source\FlyEngine\FlyObject\Inventory</Filter>
    </ClInclude>
    <ClInclude Include="Source\FlyVariable.h">
      <Filter>Source\FlyEngine\FlyObject\Blackboard</Filter>
    </ClInclude>
    <ClInclude Include="Source\Blackboard.h">
      <Filter>Source\FlyEngine\FlyObject\Blackboard</Filter>
    </ClInclude>
    <ClInclude Include="Source\ModifyVariableAction.h">
      <Filter>Source\FlyEngine\FlyObject\ObjectAttributes</Filter>
    </ClInclude>
    <ClInclude Include="Source\FileBrowserDockPanel.h">
      <Filter>Source\Modules\DockingPanels</Filter>
    </ClInclude>
    <ClInclude Include="Source\ModuleAudioManager.h">
      <Filter>Source\Modules</Filter>
    </ClInclude>
    <ClInclude Include="Source\AudioImporter.h">
      <Filter>Source\Tools\Importer</Filter>
    </ClInclude>
    <ClInclude Include="Source\AudioClip.h">
      <Filter>Source\Resources</Filter>
    </ClInclude>
    <ClInclude Include="Source\MusicTrack.h">
      <Filter>Source\Resources</Filter>
    </ClInclude>
    <ClInclude Include="Source\EmitSoundAction.h">
      <Filter>Source\FlyEngine\FlyObject\ObjectAttributes</Filter>
    </ClInclude>
    <ClInclude Include="Source\UI_Image.h">
      <Filter>Source\FlyEngine\FlyObject\UIElements</Filter>
    </ClInclude>
    <ClInclude Include="Source\UI_Element.h">
      <Filter>Source\FlyEngine\FlyObject\UIElements</Filter>
    </ClInclude>
  </ItemGroup>
  <ItemGroup>
    <None Include="3rdParty\MathGeoLib\Math\Matrix.inl">
      <Filter>Source\3rdParty\MathGeoLib\src</Filter>
    </None>
    <None Include="3rdParty\MathGeoLib\Geometry\KDTree.inl">
      <Filter>Source\3rdParty\MathGeoLib\src</Filter>
    </None>
    <None Include="3rdParty\MathGeoLib\Geometry\QuadTree.inl">
      <Filter>Source\3rdParty\MathGeoLib\src</Filter>
    </None>
    <None Include="3rdParty\MathGeoLib\Geometry\TriangleMesh_IntersectRay_AVX.inl">
      <Filter>Source\3rdParty\MathGeoLib\src</Filter>
    </None>
    <None Include="3rdParty\MathGeoLib\Geometry\TriangleMesh_IntersectRay_CPP.inl">
      <Filter>Source\3rdParty\MathGeoLib\src</Filter>
    </None>
    <None Include="3rdParty\MathGeoLib\Geometry\TriangleMesh_IntersectRay_SSE.inl">
      <Filter>Source\3rdParty\MathGeoLib\src</Filter>
    </None>
  </ItemGroup>
</Project>