<?xml version="1.0" encoding="utf-8"?>
<Project ToolsVersion="4.0" xmlns="http://schemas.microsoft.com/developer/msbuild/2003">
  <ItemGroup>
    <Filter Include="Archivos de origen">
      <UniqueIdentifier>{4FC737F1-C7A5-4376-A066-2A32D752A2FF}</UniqueIdentifier>
      <Extensions>cpp;c;cc;cxx;def;odl;idl;hpj;bat;asm;asmx</Extensions>
    </Filter>
    <Filter Include="Archivos de encabezado">
      <UniqueIdentifier>{93995380-89BD-4b04-88EB-625FBE52EBFB}</UniqueIdentifier>
      <Extensions>h;hh;hpp;hxx;hm;inl;inc;ipp;xsd</Extensions>
    </Filter>
    <Filter Include="Archivos de recursos">
      <UniqueIdentifier>{67DA6AB6-F800-4c08-8B7A-83BB121AAD01}</UniqueIdentifier>
      <Extensions>rc;ico;cur;bmp;dlg;rc2;rct;bin;rgs;gif;jpg;jpeg;jpe;resx;tiff;tif;png;wav;mfcribbon-ms</Extensions>
    </Filter>
    <Filter Include="Source">
      <UniqueIdentifier>{173bfa57-e472-413a-9dd9-66ea61155dc3}</UniqueIdentifier>
    </Filter>
    <Filter Include="Source\Modules">
      <UniqueIdentifier>{e556bb4e-2407-4ee6-bc89-93ecf1b2058a}</UniqueIdentifier>
    </Filter>
    <Filter Include="Source\Tools">
      <UniqueIdentifier>{daf6b62f-ea09-4755-a52e-6638a0d7dabd}</UniqueIdentifier>
    </Filter>
    <Filter Include="Source\3rdParty">
      <UniqueIdentifier>{a14d5174-3103-443a-ba87-689185160a89}</UniqueIdentifier>
    </Filter>
    <Filter Include="Source\3rdParty\ImGui">
      <UniqueIdentifier>{10780d2a-61dc-4038-80a8-b2dc9dca6b13}</UniqueIdentifier>
    </Filter>
    <Filter Include="Source\Utilities">
      <UniqueIdentifier>{3608ae9f-7446-46d7-8fdb-f1bfe50806d7}</UniqueIdentifier>
    </Filter>
    <Filter Include="Source\Modules\ModuleImGui">
      <UniqueIdentifier>{5c9e942b-d307-4240-8741-3343db824ea1}</UniqueIdentifier>
    </Filter>
    <Filter Include="Source\Modules\ModuleImGui\ImGuiPanels">
      <UniqueIdentifier>{c27d716c-5ae7-4394-875d-a3ad33ff3aef}</UniqueIdentifier>
    </Filter>
    <Filter Include="Source\3rdParty\MemoryManager">
      <UniqueIdentifier>{7907c4ee-95c0-4af4-8dfa-cb3600ecc481}</UniqueIdentifier>
    </Filter>
    <Filter Include="Source\Tools\NodeGraph">
      <UniqueIdentifier>{4b410c40-2d86-44f5-9844-5dabee35f670}</UniqueIdentifier>
    </Filter>
    <Filter Include="Source\3rdParty\ImNode">
      <UniqueIdentifier>{94e6515c-6e59-4e37-8e15-8c60bcfef4bb}</UniqueIdentifier>
    </Filter>
    <Filter Include="Source\FlyEngine">
      <UniqueIdentifier>{8dabfe53-c090-4cfd-8c01-5c6cee9867cf}</UniqueIdentifier>
    </Filter>
    <Filter Include="Source\FlyEngine\Room">
      <UniqueIdentifier>{e84db96a-ff69-482d-a1ce-6d2d9182bd87}</UniqueIdentifier>
    </Filter>
  </ItemGroup>
  <ItemGroup>
    <ClCompile Include="Source\Main.cpp">
      <Filter>Source</Filter>
    </ClCompile>
    <ClCompile Include="Source\ModuleWindow.cpp">
      <Filter>Source\Modules</Filter>
    </ClCompile>
    <ClCompile Include="Source\ModuleInput.cpp">
      <Filter>Source\Modules</Filter>
    </ClCompile>
    <ClCompile Include="Source\Application.cpp">
      <Filter>Source</Filter>
    </ClCompile>
    <ClCompile Include="Source\log.cpp">
      <Filter>Source\Tools</Filter>
    </ClCompile>
    <ClCompile Include="Source\Timer.cpp">
      <Filter>Source\Tools</Filter>
    </ClCompile>
    <ClCompile Include="Source\Color.cpp">
      <Filter>Source\Utilities</Filter>
    </ClCompile>
    <ClCompile Include="Source\ModuleRender.cpp">
      <Filter>Source\Modules</Filter>
    </ClCompile>
    <ClCompile Include="3rdParty\ImGui\imgui.cpp">
      <Filter>Source\3rdParty\ImGui</Filter>
    </ClCompile>
    <ClCompile Include="3rdParty\ImGui\imgui_demo.cpp">
      <Filter>Source\3rdParty\ImGui</Filter>
    </ClCompile>
    <ClCompile Include="3rdParty\ImGui\imgui_draw.cpp">
      <Filter>Source\3rdParty\ImGui</Filter>
    </ClCompile>
    <ClCompile Include="3rdParty\ImGui\imgui_widgets.cpp">
      <Filter>Source\3rdParty\ImGui</Filter>
    </ClCompile>
    <ClCompile Include="3rdParty\ImGui\imgui_impl_sdl.cpp">
      <Filter>Source\3rdParty\ImGui</Filter>
    </ClCompile>
    <ClCompile Include="3rdParty\ImGui\imgui_impl_opengl3.cpp">
      <Filter>Source\3rdParty\ImGui</Filter>
    </ClCompile>
    <ClCompile Include="Source\ConsoleDockPanel.cpp">
      <Filter>Source\Modules\ModuleImGui\ImGuiPanels</Filter>
    </ClCompile>
    <ClCompile Include="Source\DockPanel.cpp">
      <Filter>Source\Modules\ModuleImGui\ImGuiPanels</Filter>
    </ClCompile>
    <ClCompile Include="Source\ModuleImGui.cpp">
      <Filter>Source\Modules\ModuleImGui</Filter>
    </ClCompile>
    <ClCompile Include="Source\ProjectInfoDockPanel.cpp">
      <Filter>Source\Modules\ModuleImGui\ImGuiPanels</Filter>
    </ClCompile>
    <ClCompile Include="3rdParty\mmgr\mmgr.cpp">
      <Filter>Source\3rdParty\MemoryManager</Filter>
    </ClCompile>
    <ClCompile Include="Source\GameViewportDockPanel.cpp">
      <Filter>Source\Modules\ModuleImGui\ImGuiPanels</Filter>
    </ClCompile>
    <ClCompile Include="Source\ObjectPropertiesDockPanel.cpp">
      <Filter>Source\Modules\ModuleImGui\ImGuiPanels</Filter>
    </ClCompile>
    <ClCompile Include="Source\RoomObjectsDockPanel.cpp">
      <Filter>Source\Modules\ModuleImGui\ImGuiPanels</Filter>
    </ClCompile>
    <ClCompile Include="Source\RoomsGraphDockPanel.cpp">
      <Filter>Source\Modules\ModuleImGui\ImGuiPanels</Filter>
    </ClCompile>
    <ClCompile Include="Source\ImNode.cpp">
      <Filter>Source\3rdParty\ImNode</Filter>
    </ClCompile>
    <ClCompile Include="Source\ImNodeEz.cpp">
      <Filter>Source\3rdParty\ImNode</Filter>
    </ClCompile>
    <ClCompile Include="Source\ModuleWorldManager.cpp">
      <Filter>Source\Modules</Filter>
    </ClCompile>
    <ClCompile Include="Source\NodeGraph.cpp">
      <Filter>Source\Tools\NodeGraph</Filter>
    </ClCompile>
    <ClCompile Include="Source\Room.cpp">
      <Filter>Source\FlyEngine\Room</Filter>
    </ClCompile>
  </ItemGroup>
  <ItemGroup>
    <ClInclude Include="Source\Application.h">
      <Filter>Source</Filter>
    </ClInclude>
    <ClInclude Include="Source\Globals.h">
      <Filter>Source</Filter>
    </ClInclude>
    <ClInclude Include="Source\ModuleWindow.h">
      <Filter>Source\Modules</Filter>
    </ClInclude>
    <ClInclude Include="Source\ModuleInput.h">
      <Filter>Source\Modules</Filter>
    </ClInclude>
    <ClInclude Include="Source\Module.h">
      <Filter>Source\Modules</Filter>
    </ClInclude>
    <ClInclude Include="Source\Timer.h">
      <Filter>Source\Tools</Filter>
    </ClInclude>
    <ClInclude Include="Source\Color.h">
      <Filter>Source\Utilities</Filter>
    </ClInclude>
    <ClInclude Include="Source\ModuleRender.h">
      <Filter>Source\Modules</Filter>
    </ClInclude>
    <ClInclude Include="3rdParty\ImGui\imconfig.h">
      <Filter>Source\3rdParty\ImGui</Filter>
    </ClInclude>
    <ClInclude Include="3rdParty\ImGui\imgui.h">
      <Filter>Source\3rdParty\ImGui</Filter>
    </ClInclude>
    <ClInclude Include="3rdParty\ImGui\imgui_internal.h">
      <Filter>Source\3rdParty\ImGui</Filter>
    </ClInclude>
    <ClInclude Include="3rdParty\ImGui\imstb_rectpack.h">
      <Filter>Source\3rdParty\ImGui</Filter>
    </ClInclude>
    <ClInclude Include="3rdParty\ImGui\imstb_textedit.h">
      <Filter>Source\3rdParty\ImGui</Filter>
    </ClInclude>
    <ClInclude Include="3rdParty\ImGui\imstb_truetype.h">
      <Filter>Source\3rdParty\ImGui</Filter>
    </ClInclude>
    <ClInclude Include="3rdParty\ImGui\imgui_impl_sdl.h">
      <Filter>Source\3rdParty\ImGui</Filter>
    </ClInclude>
    <ClInclude Include="3rdParty\ImGui\imgui_impl_opengl3.h">
      <Filter>Source\3rdParty\ImGui</Filter>
    </ClInclude>
    <ClInclude Include="3rdParty\Glew\include\glew.h">
      <Filter>Source\3rdParty</Filter>
    </ClInclude>
    <ClInclude Include="Source\ConsoleDockPanel.h">
      <Filter>Source\Modules\ModuleImGui\ImGuiPanels</Filter>
    </ClInclude>
    <ClInclude Include="Source\DockPanel.h">
      <Filter>Source\Modules\ModuleImGui\ImGuiPanels</Filter>
    </ClInclude>
    <ClInclude Include="Source\ModuleImGui.h">
      <Filter>Source\Modules\ModuleImGui</Filter>
    </ClInclude>
    <ClInclude Include="Source\ProjectInfoDockPanel.h">
      <Filter>Source\Modules\ModuleImGui\ImGuiPanels</Filter>
    </ClInclude>
    <ClInclude Include="3rdParty\mmgr\mmgr.h">
      <Filter>Source\3rdParty\MemoryManager</Filter>
    </ClInclude>
    <ClInclude Include="3rdParty\mmgr\nommgr.h">
      <Filter>Source\3rdParty\MemoryManager</Filter>
    </ClInclude>
    <ClInclude Include="Source\GameViewportDockPanel.h">
      <Filter>Source\Modules\ModuleImGui\ImGuiPanels</Filter>
    </ClInclude>
    <ClInclude Include="Source\ObjectPropertiesDockPanel.h">
      <Filter>Source\Modules\ModuleImGui\ImGuiPanels</Filter>
    </ClInclude>
    <ClInclude Include="Source\RoomObjectsDockPanel.h">
      <Filter>Source\Modules\ModuleImGui\ImGuiPanels</Filter>
    </ClInclude>
    <ClInclude Include="Source\RoomsGraphDockPanel.h">
      <Filter>Source\Modules\ModuleImGui\ImGuiPanels</Filter>
    </ClInclude>
    <ClInclude Include="Source\ImNode.h">
      <Filter>Source\3rdParty\ImNode</Filter>
    </ClInclude>
    <ClInclude Include="Source\ImNodeEz.h">
      <Filter>Source\3rdParty\ImNode</Filter>
    </ClInclude>
    <ClInclude Include="Source\ModuleWorldManager.h">
      <Filter>Source\Modules</Filter>
    </ClInclude>
    <ClInclude Include="Source\NodeGraph.h">
      <Filter>Source\Tools\NodeGraph</Filter>
    </ClInclude>
    <ClInclude Include="Source\Room.h">
      <Filter>Source\FlyEngine\Room</Filter>
    </ClInclude>
    <ClInclude Include="Source\RoomLink.h">
      <Filter>Source\FlyEngine\Room</Filter>
    </ClInclude>
    <ClInclude Include="Source\ImNodeDemo.h">
      <Filter>Source\3rdParty\ImNode</Filter>
    </ClInclude>
  </ItemGroup>
</Project>